Microsoft Visual Studio Solution File, Format Version 12.00
# Visual Studio Version 17
VisualStudioVersion = 17.5.2.0
MinimumVisualStudioVersion = 10.0.40219.1
Project("{FAE04EC0-301F-11D3-BF4B-00C04F79EFBC}") = "StockCli", "StockCli.csproj", "{69EDBF09-718A-9422-425D-F3D3510AE5C3}"
EndProject
Global
	GlobalSection(SolutionConfigurationPlatforms) = preSolution
		Debug|Any CPU = Debug|Any CPU
		Release|Any CPU = Release|Any CPU
	EndGlobalSection
	GlobalSection(ProjectConfigurationPlatforms) = postSolution
		{69EDBF09-718A-9422-425D-F3D3510AE5C3}.Debug|Any CPU.ActiveCfg = Debug|Any CPU
		{69EDBF09-718A-9422-425D-F3D3510AE5C3}.Debug|Any CPU.Build.0 = Debug|Any CPU
		{69EDBF09-718A-9422-425D-F3D3510AE5C3}.Release|Any CPU.ActiveCfg = Release|Any CPU
		{69EDBF09-718A-9422-425D-F3D3510AE5C3}.Release|Any CPU.Build.0 = Release|Any CPU
	EndGlobalSection
	GlobalSection(SolutionProperties) = preSolution
		HideSolutionNode = FALSE
	EndGlobalSection
	GlobalSection(ExtensibilityGlobals) = postSolution
		SolutionGuid = {7C2328B2-C7D5-4786-9BE9-E164903C287E}
	EndGlobalSection
EndGlobal
